
Microsoft Visual Studio Solution File, Format Version 12.00
# Visual Studio Version 17
VisualStudioVersion = 17.13.35931.197
MinimumVisualStudioVersion = 10.0.40219.1
Project("{8BC9CEB8-8B4A-11D0-8D11-00A0C91BC942}") = "program", "program.vcxproj", "{C25217E7-3F18-41D5-900A-BEC9C0B9D99B}"
EndProject
Project("{8BC9CEB8-8B4A-11D0-8D11-00A0C91BC942}") = "Class1th (Compile)", "..\Class1th (compile)\Class1th (compile).vcxproj", "{C34E35C3-3DDA-4629-A278-FC2D2C7BEA67}"
EndProject
Project("{8BC9CEB8-8B4A-11D0-8D11-00A0C91BC942}") = "Class2th (variable & constant)", "..\Class2th (variable & constant)\Class2th (variable & constant).vcxproj", "{B6BFA9F0-AE94-4C9B-AD89-86F3812C797E}"
EndProject
Project("{8BC9CEB8-8B4A-11D0-8D11-00A0C91BC942}") = "Class3th (bit)", "..\Class3th (bit)\Class3th (bit).vcxproj", "{B14167CB-ABE9-4933-81D5-5F6643EA4E9D}"
EndProject
Project("{8BC9CEB8-8B4A-11D0-8D11-00A0C91BC942}") = "Class4th (overflow & underflow)", "..\Class4th (overflow & underflow)\Class4th (overflow & underflow).vcxproj", "{3AE6FC5F-4830-4492-B88E-DCACD1F5C93F}"
EndProject
Project("{8BC9CEB8-8B4A-11D0-8D11-00A0C91BC942}") = "Class5th (Conditional Statement)", "..\Class5th (Conditional Statement)\Class5th (Conditional Statement).vcxproj", "{3E4D8EAA-A122-47D6-B9C5-06596CB3CC1E}"
EndProject
Project("{8BC9CEB8-8B4A-11D0-8D11-00A0C91BC942}") = "Class6th (Iteration Statement)", "..\Class6th (Iteration Statement)\Class6th (Iteration Statement).vcxproj", "{268FC622-F9A3-4324-8F5E-BA9A1B4F9028}"
EndProject
Project("{8BC9CEB8-8B4A-11D0-8D11-00A0C91BC942}") = "Class7th (Preprocessor)", "..\Class7th (Preprocessor)\Class7th (Preprocessor).vcxproj", "{220F616C-1BC4-432D-9982-583CC385E88B}"
EndProject
Global
	GlobalSection(SolutionConfigurationPlatforms) = preSolution
		Debug|x64 = Debug|x64
		Debug|x86 = Debug|x86
		Release|x64 = Release|x64
		Release|x86 = Release|x86
	EndGlobalSection
	GlobalSection(ProjectConfigurationPlatforms) = postSolution
		{C25217E7-3F18-41D5-900A-BEC9C0B9D99B}.Debug|x64.ActiveCfg = Debug|x64
		{C25217E7-3F18-41D5-900A-BEC9C0B9D99B}.Debug|x64.Build.0 = Debug|x64
		{C25217E7-3F18-41D5-900A-BEC9C0B9D99B}.Debug|x86.ActiveCfg = Debug|Win32
		{C25217E7-3F18-41D5-900A-BEC9C0B9D99B}.Debug|x86.Build.0 = Debug|Win32
		{C25217E7-3F18-41D5-900A-BEC9C0B9D99B}.Release|x64.ActiveCfg = Release|x64
		{C25217E7-3F18-41D5-900A-BEC9C0B9D99B}.Release|x64.Build.0 = Release|x64
		{C25217E7-3F18-41D5-900A-BEC9C0B9D99B}.Release|x86.ActiveCfg = Release|Win32
		{C25217E7-3F18-41D5-900A-BEC9C0B9D99B}.Release|x86.Build.0 = Release|Win32
		{C34E35C3-3DDA-4629-A278-FC2D2C7BEA67}.Debug|x64.ActiveCfg = Debug|x64
		{C34E35C3-3DDA-4629-A278-FC2D2C7BEA67}.Debug|x64.Build.0 = Debug|x64
		{C34E35C3-3DDA-4629-A278-FC2D2C7BEA67}.Debug|x86.ActiveCfg = Debug|Win32
		{C34E35C3-3DDA-4629-A278-FC2D2C7BEA67}.Debug|x86.Build.0 = Debug|Win32
		{C34E35C3-3DDA-4629-A278-FC2D2C7BEA67}.Release|x64.ActiveCfg = Release|x64
		{C34E35C3-3DDA-4629-A278-FC2D2C7BEA67}.Release|x64.Build.0 = Release|x64
		{C34E35C3-3DDA-4629-A278-FC2D2C7BEA67}.Release|x86.ActiveCfg = Release|Win32
		{C34E35C3-3DDA-4629-A278-FC2D2C7BEA67}.Release|x86.Build.0 = Release|Win32
		{B6BFA9F0-AE94-4C9B-AD89-86F3812C797E}.Debug|x64.ActiveCfg = Debug|x64
		{B6BFA9F0-AE94-4C9B-AD89-86F3812C797E}.Debug|x64.Build.0 = Debug|x64
		{B6BFA9F0-AE94-4C9B-AD89-86F3812C797E}.Debug|x86.ActiveCfg = Debug|Win32
		{B6BFA9F0-AE94-4C9B-AD89-86F3812C797E}.Debug|x86.Build.0 = Debug|Win32
		{B6BFA9F0-AE94-4C9B-AD89-86F3812C797E}.Release|x64.ActiveCfg = Release|x64
		{B6BFA9F0-AE94-4C9B-AD89-86F3812C797E}.Release|x64.Build.0 = Release|x64
		{B6BFA9F0-AE94-4C9B-AD89-86F3812C797E}.Release|x86.ActiveCfg = Release|Win32
		{B6BFA9F0-AE94-4C9B-AD89-86F3812C797E}.Release|x86.Build.0 = Release|Win32
		{B14167CB-ABE9-4933-81D5-5F6643EA4E9D}.Debug|x64.ActiveCfg = Debug|x64
		{B14167CB-ABE9-4933-81D5-5F6643EA4E9D}.Debug|x64.Build.0 = Debug|x64
		{B14167CB-ABE9-4933-81D5-5F6643EA4E9D}.Debug|x86.ActiveCfg = Debug|Win32
		{B14167CB-ABE9-4933-81D5-5F6643EA4E9D}.Debug|x86.Build.0 = Debug|Win32
		{B14167CB-ABE9-4933-81D5-5F6643EA4E9D}.Release|x64.ActiveCfg = Release|x64
		{B14167CB-ABE9-4933-81D5-5F6643EA4E9D}.Release|x64.Build.0 = Release|x64
		{B14167CB-ABE9-4933-81D5-5F6643EA4E9D}.Release|x86.ActiveCfg = Release|Win32
		{B14167CB-ABE9-4933-81D5-5F6643EA4E9D}.Release|x86.Build.0 = Release|Win32
		{3AE6FC5F-4830-4492-B88E-DCACD1F5C93F}.Debug|x64.ActiveCfg = Debug|x64
		{3AE6FC5F-4830-4492-B88E-DCACD1F5C93F}.Debug|x64.Build.0 = Debug|x64
		{3AE6FC5F-4830-4492-B88E-DCACD1F5C93F}.Debug|x86.ActiveCfg = Debug|Win32
		{3AE6FC5F-4830-4492-B88E-DCACD1F5C93F}.Debug|x86.Build.0 = Debug|Win32
		{3AE6FC5F-4830-4492-B88E-DCACD1F5C93F}.Release|x64.ActiveCfg = Release|x64
		{3AE6FC5F-4830-4492-B88E-DCACD1F5C93F}.Release|x64.Build.0 = Release|x64
		{3AE6FC5F-4830-4492-B88E-DCACD1F5C93F}.Release|x86.ActiveCfg = Release|Win32
		{3AE6FC5F-4830-4492-B88E-DCACD1F5C93F}.Release|x86.Build.0 = Release|Win32
		{3E4D8EAA-A122-47D6-B9C5-06596CB3CC1E}.Debug|x64.ActiveCfg = Debug|x64
		{3E4D8EAA-A122-47D6-B9C5-06596CB3CC1E}.Debug|x64.Build.0 = Debug|x64
		{3E4D8EAA-A122-47D6-B9C5-06596CB3CC1E}.Debug|x86.ActiveCfg = Debug|Win32
		{3E4D8EAA-A122-47D6-B9C5-06596CB3CC1E}.Debug|x86.Build.0 = Debug|Win32
		{3E4D8EAA-A122-47D6-B9C5-06596CB3CC1E}.Release|x64.ActiveCfg = Release|x64
		{3E4D8EAA-A122-47D6-B9C5-06596CB3CC1E}.Release|x64.Build.0 = Release|x64
		{3E4D8EAA-A122-47D6-B9C5-06596CB3CC1E}.Release|x86.ActiveCfg = Release|Win32
		{3E4D8EAA-A122-47D6-B9C5-06596CB3CC1E}.Release|x86.Build.0 = Release|Win32
		{268FC622-F9A3-4324-8F5E-BA9A1B4F9028}.Debug|x64.ActiveCfg = Debug|x64
		{268FC622-F9A3-4324-8F5E-BA9A1B4F9028}.Debug|x64.Build.0 = Debug|x64
		{268FC622-F9A3-4324-8F5E-BA9A1B4F9028}.Debug|x86.ActiveCfg = Debug|Win32
		{268FC622-F9A3-4324-8F5E-BA9A1B4F9028}.Debug|x86.Build.0 = Debug|Win32
		{268FC622-F9A3-4324-8F5E-BA9A1B4F9028}.Release|x64.ActiveCfg = Release|x64
		{268FC622-F9A3-4324-8F5E-BA9A1B4F9028}.Release|x64.Build.0 = Release|x64
		{268FC622-F9A3-4324-8F5E-BA9A1B4F9028}.Release|x86.ActiveCfg = Release|Win32
		{268FC622-F9A3-4324-8F5E-BA9A1B4F9028}.Release|x86.Build.0 = Release|Win32
		{220F616C-1BC4-432D-9982-583CC385E88B}.Debug|x64.ActiveCfg = Debug|x64
		{220F616C-1BC4-432D-9982-583CC385E88B}.Debug|x64.Build.0 = Debug|x64
		{220F616C-1BC4-432D-9982-583CC385E88B}.Debug|x86.ActiveCfg = Debug|Win32
		{220F616C-1BC4-432D-9982-583CC385E88B}.Debug|x86.Build.0 = Debug|Win32
		{220F616C-1BC4-432D-9982-583CC385E88B}.Release|x64.ActiveCfg = Release|x64
		{220F616C-1BC4-432D-9982-583CC385E88B}.Release|x64.Build.0 = Release|x64
		{220F616C-1BC4-432D-9982-583CC385E88B}.Release|x86.ActiveCfg = Release|Win32
		{220F616C-1BC4-432D-9982-583CC385E88B}.Release|x86.Build.0 = Release|Win32
	EndGlobalSection
	GlobalSection(SolutionProperties) = preSolution
		HideSolutionNode = FALSE
	EndGlobalSection
	GlobalSection(ExtensibilityGlobals) = postSolution
		SolutionGuid = {D9CC5D9B-FBC0-46D2-959D-7BAB9B347660}
	EndGlobalSection
EndGlobal
